
Microsoft Visual Studio Solution File, Format Version 12.00
# Visual Studio Version 16
VisualStudioVersion = 16.0.30804.86
MinimumVisualStudioVersion = 10.0.40219.1
Project("{FAE04EC0-301F-11D3-BF4B-00C04F79EFBC}") = "Duck", "Duck.csproj", "{7754921F-6E7B-442D-94F4-E34EC27F3F7B}"
EndProject
Global
	GlobalSection(SolutionConfigurationPlatforms) = preSolution
		Debug|Any CPU = Debug|Any CPU
		Release|Any CPU = Release|Any CPU
	EndGlobalSection
	GlobalSection(ProjectConfigurationPlatforms) = postSolution
		{7754921F-6E7B-442D-94F4-E34EC27F3F7B}.Debug|Any CPU.ActiveCfg = Debug|Any CPU
		{7754921F-6E7B-442D-94F4-E34EC27F3F7B}.Debug|Any CPU.Build.0 = Debug|Any CPU
		{7754921F-6E7B-442D-94F4-E34EC27F3F7B}.Release|Any CPU.ActiveCfg = Release|Any CPU
		{7754921F-6E7B-442D-94F4-E34EC27F3F7B}.Release|Any CPU.Build.0 = Release|Any CPU
	EndGlobalSection
	GlobalSection(SolutionProperties) = preSolution
		HideSolutionNode = FALSE
	EndGlobalSection
	GlobalSection(ExtensibilityGlobals) = postSolution
		SolutionGuid = {15EFBB60-F5CD-4F1D-BF12-A87A6E68483F}
	EndGlobalSection
EndGlobal
